<?xml version="1.0" encoding="utf-8"?>
<Project ToolsVersion="15.0" xmlns="http://schemas.microsoft.com/developer/msbuild/2003">
  <ItemGroup>
    <Filter Include="Resources">
      <UniqueIdentifier>accd3aa8-1ba0-4223-9bbe-0c431709210b</UniqueIdentifier>
      <Extensions>rc;ico;cur;bmp;dlg;rc2;rct;bin;rgs;gif;jpg;jpeg;jpe;resx;tga;tiff;tif;png;wav;mfcribbon-ms</Extensions>
    </Filter>
    <Filter Include="Generated Files">
      <UniqueIdentifier>{926ab91d-31b4-48c3-b9a4-e681349f27f0}</UniqueIdentifier>
    </Filter>
    <Filter Include="Common">
      <UniqueIdentifier>{1ca217e1-8453-4fa0-908d-9261db0e326b}</UniqueIdentifier>
    </Filter>
  </ItemGroup>
  <ItemGroup>
    <ClCompile Include="pch.cpp" />
    <ClCompile Include="Class.cpp" />
    <ClCompile Include="$(GeneratedFilesDir)module.g.cpp" />
    <ClCompile Include="KeyboardHelperViewModel.cpp">
      <Filter>Common</Filter>
    </ClCompile>
    <ClCompile Include="KeyboardShortcut.cpp">
      <Filter>Common</Filter>
    </ClCompile>
    <ClCompile Include="GroupInfosList.cpp" />
    <ClCompile Include="BooleanToVisibilityConverter.cpp">
      <Filter>Common</Filter>
    </ClCompile>
  </ItemGroup>
  <ItemGroup>
    <ClInclude Include="pch.h" />
    <ClInclude Include="EyedropperToolbarViewModel.h">
      <Filter>Common</Filter>
    </ClInclude>
    <ClInclude Include="TextBoxHiddenTextPopUpViewModel.h">
      <Filter>Common</Filter>
    </ClInclude>
    <ClInclude Include="keyboardHelperViewModel.h">
      <Filter>Common</Filter>
    </ClInclude>
    <ClInclude Include="KeyboardShortcut.h">
      <Filter>Common</Filter>
    </ClInclude>
    <ClInclude Include="GroupInfosList.h" />
    <ClInclude Include="BooleanToVisibilityConverter.h">
      <Filter>Common</Filter>
    </ClInclude>
  </ItemGroup>
  <ItemGroup>
    <Midl Include="Class.idl" />
    <Midl Include="KeyboardShortcut.idl" />
  </ItemGroup>
  <ItemGroup>
    <None Include="packages.config" />
    <None Include="SamsungNotes.UI.Controls.def" />
    <None Include="Assets\ic_voice_floating_handler.svg" />
    <None Include="Assets\help_CanvasLock.svg" />
  </ItemGroup>
  <ItemGroup>
    <Natvis Include="$(MSBuildThisFileDirectory)..\..\natvis\wil.natvis" />
    <Natvis Include="$(MSBuildThisFileDirectory)..\..\natvis\wil.natstepfilter" />
  </ItemGroup>
  <ItemGroup>
    <Page Include="EyedropperToolbar.xaml">
      <Filter>Common</Filter>
    </Page>
    <Page Include="CanvasLockDialog.xaml">
      <Filter>Common</Filter>
    </Page>
    <Page Include="TextBoxHiddenTextPopUp.xaml">
      <Filter>Common</Filter>
    </Page>
    <Page Include="KeyboardHelper.xaml">
      <Filter>Common</Filter>
    </Page>
  </ItemGroup>
</Project>